
Microsoft Visual Studio Solution File, Format Version 12.00
# Visual Studio Version 16
VisualStudioVersion = 16.0.29613.14
MinimumVisualStudioVersion = 10.0.40219.1
Project("{9A19103F-16F7-4668-BE54-9A1E7A4F7556}") = "EyeSoft.SharpTests.Extensions", "Internal\SharpTestsEx.Extensions\Source\Extensions\EyeSoft.SharpTests.Extensions.csproj", "{F213CB7D-2938-412D-9577-1D59D08753E3}"
EndProject
Project("{2150E333-8FDC-42A3-9474-1A3956D46DE8}") = ".nuget", ".nuget", "{E4E140BA-4BDF-4562-B58C-9787A8FC4448}"
	ProjectSection(SolutionItems) = preProject
		.nuget\NuGet.Config = .nuget\NuGet.Config
		.nuget\NuGet.exe = .nuget\NuGet.exe
		.nuget\NuGet.targets = .nuget\NuGet.targets
	EndProjectSection
EndProject
Project("{FAE04EC0-301F-11D3-BF4B-00C04F79EFBC}") = "EyeSoft.Windows.Model", "Internal\Windows\Source\4.0\Windows.Model\EyeSoft.Windows.Model.csproj", "{0311E947-B90B-47AB-8C28-526D65C17827}"
EndProject
Project("{2150E333-8FDC-42A3-9474-1A3956D46DE8}") = "Documentation", "Documentation", "{9CFC082E-C162-4F25-A58C-33A773EDC9B1}"
EndProject
Project("{FAE04EC0-301F-11D3-BF4B-00C04F79EFBC}") = "EyeSoft.AssemblySeparation.ViewModels", "Internal\Windows\Docs\AssemblySeparation\ViewModels\EyeSoft.AssemblySeparation.ViewModels.csproj", "{DE3DC522-A83A-4EB2-B62A-E55401BEF7CB}"
EndProject
Project("{FAE04EC0-301F-11D3-BF4B-00C04F79EFBC}") = "EyeSoft.AssemblySeparation.Windows", "Internal\Windows\Docs\AssemblySeparation\Wpf\EyeSoft.AssemblySeparation.Windows.csproj", "{A711B908-28EC-41F5-A2F4-8C398F33BD5B}"
EndProject
Project("{2150E333-8FDC-42A3-9474-1A3956D46DE8}") = "AssemblySeparation", "AssemblySeparation", "{FD9D6972-5CC5-4FBD-842B-3CA7CC5E69DE}"
EndProject
Project("{FAE04EC0-301F-11D3-BF4B-00C04F79EFBC}") = "EyeSoft.Windows.Model.Demo.Windows", "Internal\Windows\Docs\Demo\Wpf\EyeSoft.Windows.Model.Demo.Windows.csproj", "{48AC4D77-EF3D-4B13-8FA8-D498ADFB0071}"
EndProject
Project("{2150E333-8FDC-42A3-9474-1A3956D46DE8}") = "Demo", "Demo", "{4442320E-B8F6-4AD5-AA9A-F2EFF79A2B2E}"
EndProject
Project("{FAE04EC0-301F-11D3-BF4B-00C04F79EFBC}") = "EyeSoft.Windows.Model.Demo.ViewModels", "Internal\Windows\Docs\Demo\ViewModels\EyeSoft.Windows.Model.Demo.ViewModels.csproj", "{11895956-DCAC-4868-BC56-676054AC3E43}"
EndProject
Project("{FAE04EC0-301F-11D3-BF4B-00C04F79EFBC}") = "EyeSoft.Windows.Model.Demo.Contract", "Internal\Windows\Docs\Demo\Contract\EyeSoft.Windows.Model.Demo.Contract.csproj", "{28E9DD92-5009-4FC4-9A70-3911CDC277D5}"
EndProject
Project("{FAE04EC0-301F-11D3-BF4B-00C04F79EFBC}") = "EyeSoft.Windows.Model.Demo.Configuration", "Internal\Windows\Docs\Demo\Configuration\EyeSoft.Windows.Model.Demo.Configuration.csproj", "{78ABA50A-3434-4013-889A-3092D74B4854}"
EndProject
Project("{FAE04EC0-301F-11D3-BF4B-00C04F79EFBC}") = "EyeSoft.Demo.FiscalCode.Windows", "Internal\Windows\Docs\FiscalCode\Wpf\EyeSoft.Demo.FiscalCode.Windows.csproj", "{8465121F-9FD9-4579-AF4D-C720D7BFA181}"
EndProject
Project("{2150E333-8FDC-42A3-9474-1A3956D46DE8}") = "FiscalCode", "FiscalCode", "{CEDAD15A-23F9-4C7E-8C69-245B9CDA2284}"
EndProject
Project("{2150E333-8FDC-42A3-9474-1A3956D46DE8}") = "Windows", "Windows", "{EDDB6ED7-BBE1-423A-9799-FFC0E56D352A}"
EndProject
Project("{2150E333-8FDC-42A3-9474-1A3956D46DE8}") = "Model", "Model", "{8052B120-5591-47FD-AFE2-744381D2F7D1}"
EndProject
Project("{FAE04EC0-301F-11D3-BF4B-00C04F79EFBC}") = "EyeSoft.Windows", "Internal\Windows\Source\4.0\Windows\EyeSoft.Windows.csproj", "{AEB9B57C-50E1-4858-86AC-6B9DC21031BB}"
EndProject
Project("{2150E333-8FDC-42A3-9474-1A3956D46DE8}") = "4.0", "4.0", "{B96F90B5-F1C9-4202-A098-09517F7D7807}"
EndProject
Project("{2150E333-8FDC-42A3-9474-1A3956D46DE8}") = "Logging", "Logging", "{B22C18A3-DD36-4435-8E63-F88B8242F8D8}"
EndProject
Project("{FAE04EC0-301F-11D3-BF4B-00C04F79EFBC}") = "EyeSoft.Docs.Logging.Windows", "Internal\Windows\Docs\Logging\Wpf\EyeSoft.Docs.Logging.Windows.csproj", "{89649D19-813C-485D-BD31-2C423647D7A4}"
EndProject
Project("{2150E333-8FDC-42A3-9474-1A3956D46DE8}") = "Navigation", "Navigation", "{03B2A32E-07E5-4656-BD54-61ED76B4EE2B}"
EndProject
Project("{FAE04EC0-301F-11D3-BF4B-00C04F79EFBC}") = "EyeSoft.Demo.Navigation.Windows.Presentation.Startup", "Internal\Windows\Docs\Navigation\Windows.Startup\EyeSoft.Demo.Navigation.Windows.Presentation.Startup.csproj", "{7FD63AA6-71F0-4608-8028-593A12E27A92}"
EndProject
Project("{FAE04EC0-301F-11D3-BF4B-00C04F79EFBC}") = "EyeSoft.Demo.Navigation.Windows", "Internal\Windows\Docs\Navigation\Windows\EyeSoft.Demo.Navigation.Windows.csproj", "{D166ECFD-B0F3-459B-8E80-2C1C33D5FFF6}"
EndProject
Project("{FAE04EC0-301F-11D3-BF4B-00C04F79EFBC}") = "EyeSoft.Demo.Navigation.Windows.ViewModels", "Internal\Windows\Docs\Navigation\ViewModels\EyeSoft.Demo.Navigation.Windows.ViewModels.csproj", "{0D3C68C5-EF1E-4622-B673-40E3AE584309}"
EndProject
Project("{2150E333-8FDC-42A3-9474-1A3956D46DE8}") = "Performance", "Performance", "{27A64DD2-E407-407C-A1B2-57816E09FC15}"
EndProject
Project("{FAE04EC0-301F-11D3-BF4B-00C04F79EFBC}") = "EyeSoft.Docs.Performance.Windows", "Internal\Windows\Docs\Performance\Wpf\EyeSoft.Docs.Performance.Windows.csproj", "{AAE63379-3B53-43D4-AAEC-EA96733C9719}"
EndProject
Project("{2150E333-8FDC-42A3-9474-1A3956D46DE8}") = "Settings", "Settings", "{60949F9C-EE23-46E8-A7B1-8473EE5A47D9}"
EndProject
Project("{FAE04EC0-301F-11D3-BF4B-00C04F79EFBC}") = "EyeSoft.Docs.Settings.Windows", "Internal\Windows\Docs\Settings\Wpf\EyeSoft.Docs.Settings.Windows.csproj", "{B4B4C295-9C0D-4973-9DFB-1BB33CBCD90C}"
EndProject
Project("{FAE04EC0-301F-11D3-BF4B-00C04F79EFBC}") = "EyeSoft.Docs.Settings.ViewModels", "Internal\Windows\Docs\Settings\ViewModels\EyeSoft.Docs.Settings.ViewModels.csproj", "{1EFA2A03-2D42-4112-A829-7E7233E95F7A}"
EndProject
Project("{FAE04EC0-301F-11D3-BF4B-00C04F79EFBC}") = "EyeSoft.Windows.Model.Test", "Internal\Windows\Source\4.0\Windows.Model.Test\EyeSoft.Windows.Model.Test.csproj", "{A314A24F-B4C4-42D9-B24D-F92C591A9FEE}"
EndProject
Project("{2150E333-8FDC-42A3-9474-1A3956D46DE8}") = "Dependencies", "Dependencies", "{B1D42A89-51A6-4D40-8B79-282F3929180A}"
EndProject
Project("{2150E333-8FDC-42A3-9474-1A3956D46DE8}") = "Main", "Main", "{44C5D3C5-210A-409B-9DFB-12A0A714E6FE}"
EndProject
Project("{2150E333-8FDC-42A3-9474-1A3956D46DE8}") = "Core", "Core", "{B31D4797-4DB9-4420-843D-25EF9CAE4E3D}"
EndProject
Project("{2150E333-8FDC-42A3-9474-1A3956D46DE8}") = "4.0", "4.0", "{62748E1C-B8AC-4917-BC35-37E81C892722}"
EndProject
Project("{9A19103F-16F7-4668-BE54-9A1E7A4F7556}") = "EyeSoft.Core", "Internal\Core\Source\4.0\Core\EyeSoft.Core.csproj", "{4C464A88-7D14-4755-9EBF-82BBE1B168ED}"
EndProject
Project("{2150E333-8FDC-42A3-9474-1A3956D46DE8}") = "AutoMapper", "AutoMapper", "{09BA6C48-166E-4384-8E4A-A4B753572FCD}"
EndProject
Project("{9A19103F-16F7-4668-BE54-9A1E7A4F7556}") = "EyeSoft.AutoMapper", "Internal\AutoMapper\Source\AutoMapper\EyeSoft.AutoMapper.csproj", "{F41F8342-2124-44CC-85DE-B49D7DFA4C95}"
EndProject
Project("{2150E333-8FDC-42A3-9474-1A3956D46DE8}") = "FluentValidation", "FluentValidation", "{6CDFECC1-0948-4C9B-A3DB-C933D2D20EB0}"
EndProject
Project("{9A19103F-16F7-4668-BE54-9A1E7A4F7556}") = "EyeSoft.FluentValidation", "Internal\FluentValidation\Source\FluentValidation\EyeSoft.FluentValidation.csproj", "{1B6B2CE4-0605-4567-919F-9EADC60B1D43}"
EndProject
Project("{2150E333-8FDC-42A3-9474-1A3956D46DE8}") = "ServiceLocator", "ServiceLocator", "{17B5BD90-B1F4-4DFF-91FA-2E0354BB0F36}"
EndProject
Project("{9A19103F-16F7-4668-BE54-9A1E7A4F7556}") = "EyeSoft.ServiceLocator", "Internal\ServiceLocator\Source\ServiceLocator\EyeSoft.ServiceLocator.csproj", "{E3495AF5-EAA2-4AFE-80E3-AD44F1DF481B}"
EndProject
Project("{2150E333-8FDC-42A3-9474-1A3956D46DE8}") = "ServiceLocator.Windsor", "ServiceLocator.Windsor", "{886C01A5-4A94-4471-87D2-6054A54808B1}"
EndProject
Project("{9A19103F-16F7-4668-BE54-9A1E7A4F7556}") = "EyeSoft.ServiceLocator.Windsor", "Internal\ServiceLocator.Windsor\Source\WindsorAdapter\EyeSoft.ServiceLocator.Windsor.csproj", "{94067B97-7CB4-4EB5-A4B1-1D10AA713E3F}"
EndProject
Project("{2150E333-8FDC-42A3-9474-1A3956D46DE8}") = "Accounting", "Accounting", "{90CB9228-C126-49E0-9828-3A751C278855}"
EndProject
Project("{9A19103F-16F7-4668-BE54-9A1E7A4F7556}") = "EyeSoft.Accounting", "Internal\Accounting\Source\Accounting\EyeSoft.Accounting.csproj", "{E14F83BE-7567-453E-8884-F02B6A7B0552}"
EndProject
Project("{9A19103F-16F7-4668-BE54-9A1E7A4F7556}") = "EyeSoft.Accounting.Italian", "Internal\Accounting\Source\Accounting.Italian\EyeSoft.Accounting.Italian.csproj", "{4F137981-7FAC-4E16-B3EE-90FC69DEFD29}"
EndProject
Project("{9A19103F-16F7-4668-BE54-9A1E7A4F7556}") = "EyeSoft.Accounting.Italian.Istat", "Internal\Accounting\Source\Accounting.Italian.Istat\EyeSoft.Accounting.Italian.Istat.csproj", "{B9A2F513-1B26-4A14-B56E-41D0CB323494}"
EndProject
Project("{2150E333-8FDC-42A3-9474-1A3956D46DE8}") = "SharpTestsEx", "SharpTestsEx", "{641CB71B-0E81-49EB-A351-A5EC0917C73C}"
EndProject
Project("{9A19103F-16F7-4668-BE54-9A1E7A4F7556}") = "SharpTestsEx", "External\SharpTestsEx\Source\SharpTestsEx\SharpTestsEx.csproj", "{A90336CF-686D-4994-AA31-8BF8CD12ABCA}"
EndProject
Global
	GlobalSection(SolutionConfigurationPlatforms) = preSolution
		Debug|Any CPU = Debug|Any CPU
		Release|Any CPU = Release|Any CPU
	EndGlobalSection
	GlobalSection(ProjectConfigurationPlatforms) = postSolution
		{F213CB7D-2938-412D-9577-1D59D08753E3}.Debug|Any CPU.ActiveCfg = Debug|Any CPU
		{F213CB7D-2938-412D-9577-1D59D08753E3}.Debug|Any CPU.Build.0 = Debug|Any CPU
		{F213CB7D-2938-412D-9577-1D59D08753E3}.Release|Any CPU.ActiveCfg = Release|Any CPU
		{F213CB7D-2938-412D-9577-1D59D08753E3}.Release|Any CPU.Build.0 = Release|Any CPU
		{0311E947-B90B-47AB-8C28-526D65C17827}.Debug|Any CPU.ActiveCfg = Debug|Any CPU
		{0311E947-B90B-47AB-8C28-526D65C17827}.Debug|Any CPU.Build.0 = Debug|Any CPU
		{0311E947-B90B-47AB-8C28-526D65C17827}.Release|Any CPU.ActiveCfg = Release|Any CPU
		{0311E947-B90B-47AB-8C28-526D65C17827}.Release|Any CPU.Build.0 = Release|Any CPU
		{DE3DC522-A83A-4EB2-B62A-E55401BEF7CB}.Debug|Any CPU.ActiveCfg = Debug|Any CPU
		{DE3DC522-A83A-4EB2-B62A-E55401BEF7CB}.Debug|Any CPU.Build.0 = Debug|Any CPU
		{DE3DC522-A83A-4EB2-B62A-E55401BEF7CB}.Release|Any CPU.ActiveCfg = Release|Any CPU
		{DE3DC522-A83A-4EB2-B62A-E55401BEF7CB}.Release|Any CPU.Build.0 = Release|Any CPU
		{A711B908-28EC-41F5-A2F4-8C398F33BD5B}.Debug|Any CPU.ActiveCfg = Debug|Any CPU
		{A711B908-28EC-41F5-A2F4-8C398F33BD5B}.Debug|Any CPU.Build.0 = Debug|Any CPU
		{A711B908-28EC-41F5-A2F4-8C398F33BD5B}.Release|Any CPU.ActiveCfg = Release|Any CPU
		{A711B908-28EC-41F5-A2F4-8C398F33BD5B}.Release|Any CPU.Build.0 = Release|Any CPU
		{48AC4D77-EF3D-4B13-8FA8-D498ADFB0071}.Debug|Any CPU.ActiveCfg = Debug|Any CPU
		{48AC4D77-EF3D-4B13-8FA8-D498ADFB0071}.Debug|Any CPU.Build.0 = Debug|Any CPU
		{48AC4D77-EF3D-4B13-8FA8-D498ADFB0071}.Release|Any CPU.ActiveCfg = Release|Any CPU
		{48AC4D77-EF3D-4B13-8FA8-D498ADFB0071}.Release|Any CPU.Build.0 = Release|Any CPU
		{11895956-DCAC-4868-BC56-676054AC3E43}.Debug|Any CPU.ActiveCfg = Debug|Any CPU
		{11895956-DCAC-4868-BC56-676054AC3E43}.Debug|Any CPU.Build.0 = Debug|Any CPU
		{11895956-DCAC-4868-BC56-676054AC3E43}.Release|Any CPU.ActiveCfg = Release|Any CPU
		{11895956-DCAC-4868-BC56-676054AC3E43}.Release|Any CPU.Build.0 = Release|Any CPU
		{28E9DD92-5009-4FC4-9A70-3911CDC277D5}.Debug|Any CPU.ActiveCfg = Debug|Any CPU
		{28E9DD92-5009-4FC4-9A70-3911CDC277D5}.Debug|Any CPU.Build.0 = Debug|Any CPU
		{28E9DD92-5009-4FC4-9A70-3911CDC277D5}.Release|Any CPU.ActiveCfg = Release|Any CPU
		{28E9DD92-5009-4FC4-9A70-3911CDC277D5}.Release|Any CPU.Build.0 = Release|Any CPU
		{78ABA50A-3434-4013-889A-3092D74B4854}.Debug|Any CPU.ActiveCfg = Debug|Any CPU
		{78ABA50A-3434-4013-889A-3092D74B4854}.Debug|Any CPU.Build.0 = Debug|Any CPU
		{78ABA50A-3434-4013-889A-3092D74B4854}.Release|Any CPU.ActiveCfg = Release|Any CPU
		{78ABA50A-3434-4013-889A-3092D74B4854}.Release|Any CPU.Build.0 = Release|Any CPU
		{8465121F-9FD9-4579-AF4D-C720D7BFA181}.Debug|Any CPU.ActiveCfg = Debug|Any CPU
		{8465121F-9FD9-4579-AF4D-C720D7BFA181}.Debug|Any CPU.Build.0 = Debug|Any CPU
		{8465121F-9FD9-4579-AF4D-C720D7BFA181}.Release|Any CPU.ActiveCfg = Release|Any CPU
		{8465121F-9FD9-4579-AF4D-C720D7BFA181}.Release|Any CPU.Build.0 = Release|Any CPU
		{AEB9B57C-50E1-4858-86AC-6B9DC21031BB}.Debug|Any CPU.ActiveCfg = Debug|Any CPU
		{AEB9B57C-50E1-4858-86AC-6B9DC21031BB}.Debug|Any CPU.Build.0 = Debug|Any CPU
		{AEB9B57C-50E1-4858-86AC-6B9DC21031BB}.Release|Any CPU.ActiveCfg = Release|Any CPU
		{AEB9B57C-50E1-4858-86AC-6B9DC21031BB}.Release|Any CPU.Build.0 = Release|Any CPU
		{89649D19-813C-485D-BD31-2C423647D7A4}.Debug|Any CPU.ActiveCfg = Debug|Any CPU
		{89649D19-813C-485D-BD31-2C423647D7A4}.Debug|Any CPU.Build.0 = Debug|Any CPU
		{89649D19-813C-485D-BD31-2C423647D7A4}.Release|Any CPU.ActiveCfg = Release|Any CPU
		{89649D19-813C-485D-BD31-2C423647D7A4}.Release|Any CPU.Build.0 = Release|Any CPU
		{7FD63AA6-71F0-4608-8028-593A12E27A92}.Debug|Any CPU.ActiveCfg = Debug|Any CPU
		{7FD63AA6-71F0-4608-8028-593A12E27A92}.Debug|Any CPU.Build.0 = Debug|Any CPU
		{7FD63AA6-71F0-4608-8028-593A12E27A92}.Release|Any CPU.ActiveCfg = Release|Any CPU
		{7FD63AA6-71F0-4608-8028-593A12E27A92}.Release|Any CPU.Build.0 = Release|Any CPU
		{D166ECFD-B0F3-459B-8E80-2C1C33D5FFF6}.Debug|Any CPU.ActiveCfg = Debug|Any CPU
		{D166ECFD-B0F3-459B-8E80-2C1C33D5FFF6}.Debug|Any CPU.Build.0 = Debug|Any CPU
		{D166ECFD-B0F3-459B-8E80-2C1C33D5FFF6}.Release|Any CPU.ActiveCfg = Release|Any CPU
		{D166ECFD-B0F3-459B-8E80-2C1C33D5FFF6}.Release|Any CPU.Build.0 = Release|Any CPU
		{0D3C68C5-EF1E-4622-B673-40E3AE584309}.Debug|Any CPU.ActiveCfg = Debug|Any CPU
		{0D3C68C5-EF1E-4622-B673-40E3AE584309}.Debug|Any CPU.Build.0 = Debug|Any CPU
		{0D3C68C5-EF1E-4622-B673-40E3AE584309}.Release|Any CPU.ActiveCfg = Release|Any CPU
		{0D3C68C5-EF1E-4622-B673-40E3AE584309}.Release|Any CPU.Build.0 = Release|Any CPU
		{AAE63379-3B53-43D4-AAEC-EA96733C9719}.Debug|Any CPU.ActiveCfg = Debug|Any CPU
		{AAE63379-3B53-43D4-AAEC-EA96733C9719}.Debug|Any CPU.Build.0 = Debug|Any CPU
		{AAE63379-3B53-43D4-AAEC-EA96733C9719}.Release|Any CPU.ActiveCfg = Release|Any CPU
		{AAE63379-3B53-43D4-AAEC-EA96733C9719}.Release|Any CPU.Build.0 = Release|Any CPU
		{B4B4C295-9C0D-4973-9DFB-1BB33CBCD90C}.Debug|Any CPU.ActiveCfg = Debug|Any CPU
		{B4B4C295-9C0D-4973-9DFB-1BB33CBCD90C}.Debug|Any CPU.Build.0 = Debug|Any CPU
		{B4B4C295-9C0D-4973-9DFB-1BB33CBCD90C}.Release|Any CPU.ActiveCfg = Release|Any CPU
		{B4B4C295-9C0D-4973-9DFB-1BB33CBCD90C}.Release|Any CPU.Build.0 = Release|Any CPU
		{1EFA2A03-2D42-4112-A829-7E7233E95F7A}.Debug|Any CPU.ActiveCfg = Debug|Any CPU
		{1EFA2A03-2D42-4112-A829-7E7233E95F7A}.Debug|Any CPU.Build.0 = Debug|Any CPU
		{1EFA2A03-2D42-4112-A829-7E7233E95F7A}.Release|Any CPU.ActiveCfg = Release|Any CPU
		{1EFA2A03-2D42-4112-A829-7E7233E95F7A}.Release|Any CPU.Build.0 = Release|Any CPU
		{A314A24F-B4C4-42D9-B24D-F92C591A9FEE}.Debug|Any CPU.ActiveCfg = Debug|Any CPU
		{A314A24F-B4C4-42D9-B24D-F92C591A9FEE}.Debug|Any CPU.Build.0 = Debug|Any CPU
		{A314A24F-B4C4-42D9-B24D-F92C591A9FEE}.Release|Any CPU.ActiveCfg = Release|Any CPU
		{A314A24F-B4C4-42D9-B24D-F92C591A9FEE}.Release|Any CPU.Build.0 = Release|Any CPU
		{4C464A88-7D14-4755-9EBF-82BBE1B168ED}.Debug|Any CPU.ActiveCfg = Debug|Any CPU
		{4C464A88-7D14-4755-9EBF-82BBE1B168ED}.Debug|Any CPU.Build.0 = Debug|Any CPU
		{4C464A88-7D14-4755-9EBF-82BBE1B168ED}.Release|Any CPU.ActiveCfg = Release|Any CPU
		{4C464A88-7D14-4755-9EBF-82BBE1B168ED}.Release|Any CPU.Build.0 = Release|Any CPU
		{F41F8342-2124-44CC-85DE-B49D7DFA4C95}.Debug|Any CPU.ActiveCfg = Debug|Any CPU
		{F41F8342-2124-44CC-85DE-B49D7DFA4C95}.Debug|Any CPU.Build.0 = Debug|Any CPU
		{F41F8342-2124-44CC-85DE-B49D7DFA4C95}.Release|Any CPU.ActiveCfg = Release|Any CPU
		{F41F8342-2124-44CC-85DE-B49D7DFA4C95}.Release|Any CPU.Build.0 = Release|Any CPU
		{1B6B2CE4-0605-4567-919F-9EADC60B1D43}.Debug|Any CPU.ActiveCfg = Debug|Any CPU
		{1B6B2CE4-0605-4567-919F-9EADC60B1D43}.Debug|Any CPU.Build.0 = Debug|Any CPU
		{1B6B2CE4-0605-4567-919F-9EADC60B1D43}.Release|Any CPU.ActiveCfg = Release|Any CPU
		{1B6B2CE4-0605-4567-919F-9EADC60B1D43}.Release|Any CPU.Build.0 = Release|Any CPU
		{E3495AF5-EAA2-4AFE-80E3-AD44F1DF481B}.Debug|Any CPU.ActiveCfg = Debug|Any CPU
		{E3495AF5-EAA2-4AFE-80E3-AD44F1DF481B}.Debug|Any CPU.Build.0 = Debug|Any CPU
		{E3495AF5-EAA2-4AFE-80E3-AD44F1DF481B}.Release|Any CPU.ActiveCfg = Release|Any CPU
		{E3495AF5-EAA2-4AFE-80E3-AD44F1DF481B}.Release|Any CPU.Build.0 = Release|Any CPU
		{94067B97-7CB4-4EB5-A4B1-1D10AA713E3F}.Debug|Any CPU.ActiveCfg = Debug|Any CPU
		{94067B97-7CB4-4EB5-A4B1-1D10AA713E3F}.Debug|Any CPU.Build.0 = Debug|Any CPU
		{94067B97-7CB4-4EB5-A4B1-1D10AA713E3F}.Release|Any CPU.ActiveCfg = Release|Any CPU
		{94067B97-7CB4-4EB5-A4B1-1D10AA713E3F}.Release|Any CPU.Build.0 = Release|Any CPU
		{E14F83BE-7567-453E-8884-F02B6A7B0552}.Debug|Any CPU.ActiveCfg = Debug|Any CPU
		{E14F83BE-7567-453E-8884-F02B6A7B0552}.Debug|Any CPU.Build.0 = Debug|Any CPU
		{E14F83BE-7567-453E-8884-F02B6A7B0552}.Release|Any CPU.ActiveCfg = Release|Any CPU
		{E14F83BE-7567-453E-8884-F02B6A7B0552}.Release|Any CPU.Build.0 = Release|Any CPU
		{4F137981-7FAC-4E16-B3EE-90FC69DEFD29}.Debug|Any CPU.ActiveCfg = Debug|Any CPU
		{4F137981-7FAC-4E16-B3EE-90FC69DEFD29}.Debug|Any CPU.Build.0 = Debug|Any CPU
		{4F137981-7FAC-4E16-B3EE-90FC69DEFD29}.Release|Any CPU.ActiveCfg = Release|Any CPU
		{4F137981-7FAC-4E16-B3EE-90FC69DEFD29}.Release|Any CPU.Build.0 = Release|Any CPU
		{B9A2F513-1B26-4A14-B56E-41D0CB323494}.Debug|Any CPU.ActiveCfg = Debug|Any CPU
		{B9A2F513-1B26-4A14-B56E-41D0CB323494}.Debug|Any CPU.Build.0 = Debug|Any CPU
		{B9A2F513-1B26-4A14-B56E-41D0CB323494}.Release|Any CPU.ActiveCfg = Release|Any CPU
		{B9A2F513-1B26-4A14-B56E-41D0CB323494}.Release|Any CPU.Build.0 = Release|Any CPU
		{A90336CF-686D-4994-AA31-8BF8CD12ABCA}.Debug|Any CPU.ActiveCfg = Debug|Any CPU
		{A90336CF-686D-4994-AA31-8BF8CD12ABCA}.Debug|Any CPU.Build.0 = Debug|Any CPU
		{A90336CF-686D-4994-AA31-8BF8CD12ABCA}.Release|Any CPU.ActiveCfg = Release|Any CPU
		{A90336CF-686D-4994-AA31-8BF8CD12ABCA}.Release|Any CPU.Build.0 = Release|Any CPU
	EndGlobalSection
	GlobalSection(SolutionProperties) = preSolution
		HideSolutionNode = FALSE
	EndGlobalSection
	GlobalSection(NestedProjects) = preSolution
		{F213CB7D-2938-412D-9577-1D59D08753E3} = {B1D42A89-51A6-4D40-8B79-282F3929180A}
		{0311E947-B90B-47AB-8C28-526D65C17827} = {8052B120-5591-47FD-AFE2-744381D2F7D1}
		{9CFC082E-C162-4F25-A58C-33A773EDC9B1} = {44C5D3C5-210A-409B-9DFB-12A0A714E6FE}
		{DE3DC522-A83A-4EB2-B62A-E55401BEF7CB} = {FD9D6972-5CC5-4FBD-842B-3CA7CC5E69DE}
		{A711B908-28EC-41F5-A2F4-8C398F33BD5B} = {FD9D6972-5CC5-4FBD-842B-3CA7CC5E69DE}
		{FD9D6972-5CC5-4FBD-842B-3CA7CC5E69DE} = {9CFC082E-C162-4F25-A58C-33A773EDC9B1}
		{48AC4D77-EF3D-4B13-8FA8-D498ADFB0071} = {4442320E-B8F6-4AD5-AA9A-F2EFF79A2B2E}
		{4442320E-B8F6-4AD5-AA9A-F2EFF79A2B2E} = {9CFC082E-C162-4F25-A58C-33A773EDC9B1}
		{11895956-DCAC-4868-BC56-676054AC3E43} = {4442320E-B8F6-4AD5-AA9A-F2EFF79A2B2E}
		{28E9DD92-5009-4FC4-9A70-3911CDC277D5} = {4442320E-B8F6-4AD5-AA9A-F2EFF79A2B2E}
		{78ABA50A-3434-4013-889A-3092D74B4854} = {4442320E-B8F6-4AD5-AA9A-F2EFF79A2B2E}
		{8465121F-9FD9-4579-AF4D-C720D7BFA181} = {CEDAD15A-23F9-4C7E-8C69-245B9CDA2284}
		{CEDAD15A-23F9-4C7E-8C69-245B9CDA2284} = {9CFC082E-C162-4F25-A58C-33A773EDC9B1}
		{EDDB6ED7-BBE1-423A-9799-FFC0E56D352A} = {44C5D3C5-210A-409B-9DFB-12A0A714E6FE}
		{8052B120-5591-47FD-AFE2-744381D2F7D1} = {44C5D3C5-210A-409B-9DFB-12A0A714E6FE}
		{AEB9B57C-50E1-4858-86AC-6B9DC21031BB} = {B96F90B5-F1C9-4202-A098-09517F7D7807}
		{B96F90B5-F1C9-4202-A098-09517F7D7807} = {EDDB6ED7-BBE1-423A-9799-FFC0E56D352A}
		{B22C18A3-DD36-4435-8E63-F88B8242F8D8} = {9CFC082E-C162-4F25-A58C-33A773EDC9B1}
		{89649D19-813C-485D-BD31-2C423647D7A4} = {B22C18A3-DD36-4435-8E63-F88B8242F8D8}
		{03B2A32E-07E5-4656-BD54-61ED76B4EE2B} = {9CFC082E-C162-4F25-A58C-33A773EDC9B1}
		{7FD63AA6-71F0-4608-8028-593A12E27A92} = {03B2A32E-07E5-4656-BD54-61ED76B4EE2B}
		{D166ECFD-B0F3-459B-8E80-2C1C33D5FFF6} = {03B2A32E-07E5-4656-BD54-61ED76B4EE2B}
		{0D3C68C5-EF1E-4622-B673-40E3AE584309} = {03B2A32E-07E5-4656-BD54-61ED76B4EE2B}
		{27A64DD2-E407-407C-A1B2-57816E09FC15} = {9CFC082E-C162-4F25-A58C-33A773EDC9B1}
		{AAE63379-3B53-43D4-AAEC-EA96733C9719} = {27A64DD2-E407-407C-A1B2-57816E09FC15}
		{60949F9C-EE23-46E8-A7B1-8473EE5A47D9} = {9CFC082E-C162-4F25-A58C-33A773EDC9B1}
		{B4B4C295-9C0D-4973-9DFB-1BB33CBCD90C} = {60949F9C-EE23-46E8-A7B1-8473EE5A47D9}
		{1EFA2A03-2D42-4112-A829-7E7233E95F7A} = {60949F9C-EE23-46E8-A7B1-8473EE5A47D9}
		{A314A24F-B4C4-42D9-B24D-F92C591A9FEE} = {8052B120-5591-47FD-AFE2-744381D2F7D1}
		{B31D4797-4DB9-4420-843D-25EF9CAE4E3D} = {B1D42A89-51A6-4D40-8B79-282F3929180A}
		{62748E1C-B8AC-4917-BC35-37E81C892722} = {B31D4797-4DB9-4420-843D-25EF9CAE4E3D}
		{4C464A88-7D14-4755-9EBF-82BBE1B168ED} = {62748E1C-B8AC-4917-BC35-37E81C892722}
		{09BA6C48-166E-4384-8E4A-A4B753572FCD} = {B1D42A89-51A6-4D40-8B79-282F3929180A}
		{F41F8342-2124-44CC-85DE-B49D7DFA4C95} = {09BA6C48-166E-4384-8E4A-A4B753572FCD}
		{6CDFECC1-0948-4C9B-A3DB-C933D2D20EB0} = {B1D42A89-51A6-4D40-8B79-282F3929180A}
		{1B6B2CE4-0605-4567-919F-9EADC60B1D43} = {6CDFECC1-0948-4C9B-A3DB-C933D2D20EB0}
		{17B5BD90-B1F4-4DFF-91FA-2E0354BB0F36} = {B1D42A89-51A6-4D40-8B79-282F3929180A}
		{E3495AF5-EAA2-4AFE-80E3-AD44F1DF481B} = {17B5BD90-B1F4-4DFF-91FA-2E0354BB0F36}
		{886C01A5-4A94-4471-87D2-6054A54808B1} = {B1D42A89-51A6-4D40-8B79-282F3929180A}
		{94067B97-7CB4-4EB5-A4B1-1D10AA713E3F} = {886C01A5-4A94-4471-87D2-6054A54808B1}
		{90CB9228-C126-49E0-9828-3A751C278855} = {B1D42A89-51A6-4D40-8B79-282F3929180A}
		{E14F83BE-7567-453E-8884-F02B6A7B0552} = {90CB9228-C126-49E0-9828-3A751C278855}
		{4F137981-7FAC-4E16-B3EE-90FC69DEFD29} = {90CB9228-C126-49E0-9828-3A751C278855}
		{B9A2F513-1B26-4A14-B56E-41D0CB323494} = {90CB9228-C126-49E0-9828-3A751C278855}
		{641CB71B-0E81-49EB-A351-A5EC0917C73C} = {B1D42A89-51A6-4D40-8B79-282F3929180A}
		{A90336CF-686D-4994-AA31-8BF8CD12ABCA} = {641CB71B-0E81-49EB-A351-A5EC0917C73C}
	EndGlobalSection
	GlobalSection(ExtensibilityGlobals) = postSolution
		SolutionGuid = {85E4CE27-82CB-473A-B1C3-455A541ED284}
	EndGlobalSection
	GlobalSection(CodealikeProperties) = postSolution
		SolutionGuid = a9556ffc-1a6f-449c-a00f-a63aa56560bf
	EndGlobalSection
EndGlobal
