
Microsoft Visual Studio Solution File, Format Version 12.00
# Visual Studio 14
VisualStudioVersion = 14.0.25123.0
MinimumVisualStudioVersion = 10.0.40219.1
Project("{2150E333-8FDC-42A3-9474-1A3956D46DE8}") = ".nuget", ".nuget", "{E4E140BA-4BDF-4562-B58C-9787A8FC4448}"
	ProjectSection(SolutionItems) = preProject
		.nuget\NuGet.Config = .nuget\NuGet.Config
		.nuget\NuGet.exe = .nuget\NuGet.exe
		.nuget\NuGet.targets = .nuget\NuGet.targets
	EndProjectSection
EndProject
Project("{FAE04EC0-301F-11D3-BF4B-00C04F79EFBC}") = "EyeSoft.ActiveCampaign", "Integrations\ActiveCampaign\Source\4.5\ActiveCampaign\EyeSoft.ActiveCampaign.csproj", "{D536A032-8856-4B03-A54D-54BF3504CD17}"
EndProject
Project("{FAE04EC0-301F-11D3-BF4B-00C04F79EFBC}") = "EyeSoft.ActiveCampaign.Shell", "Integrations\ActiveCampaign\Source\4.5\Shell\EyeSoft.ActiveCampaign.Shell.csproj", "{F1EA1E26-86D2-4F5F-8261-7FC7583A163D}"
EndProject
Global
	GlobalSection(SolutionConfigurationPlatforms) = preSolution
		Debug|Any CPU = Debug|Any CPU
		Release|Any CPU = Release|Any CPU
	EndGlobalSection
	GlobalSection(ProjectConfigurationPlatforms) = postSolution
		{D536A032-8856-4B03-A54D-54BF3504CD17}.Debug|Any CPU.ActiveCfg = Debug|Any CPU
		{D536A032-8856-4B03-A54D-54BF3504CD17}.Debug|Any CPU.Build.0 = Debug|Any CPU
		{D536A032-8856-4B03-A54D-54BF3504CD17}.Release|Any CPU.ActiveCfg = Release|Any CPU
		{D536A032-8856-4B03-A54D-54BF3504CD17}.Release|Any CPU.Build.0 = Release|Any CPU
		{F1EA1E26-86D2-4F5F-8261-7FC7583A163D}.Debug|Any CPU.ActiveCfg = Debug|Any CPU
		{F1EA1E26-86D2-4F5F-8261-7FC7583A163D}.Debug|Any CPU.Build.0 = Debug|Any CPU
		{F1EA1E26-86D2-4F5F-8261-7FC7583A163D}.Release|Any CPU.ActiveCfg = Release|Any CPU
		{F1EA1E26-86D2-4F5F-8261-7FC7583A163D}.Release|Any CPU.Build.0 = Release|Any CPU
	EndGlobalSection
	GlobalSection(SolutionProperties) = preSolution
		HideSolutionNode = FALSE
	EndGlobalSection
	GlobalSection(TeamFoundationVersionControl) = preSolution
		SccNumberOfProjects = 3
		SccEnterpriseProvider = {4CA58AB2-18FA-4F8D-95D4-32DDF27D184C}
		SccTeamFoundationServer = https://picoware.visualstudio.com/defaultcollection
		SccLocalPath0 = .
		SccProjectUniqueName1 = Integrations\\ActiveCampaign\\Source\\4.5\\ActiveCampaign\\EyeSoft.ActiveCampaign.csproj
		SccProjectName1 = Integrations/ActiveCampaign/Source/4.5/ActiveCampaign
		SccLocalPath1 = Integrations\\ActiveCampaign\\Source\\4.5\\ActiveCampaign
		SccProjectUniqueName2 = Integrations\\ActiveCampaign\\Source\\4.5\\Shell\\EyeSoft.ActiveCampaign.Shell.csproj
		SccProjectName2 = Integrations/ActiveCampaign/Source/4.5/Shell
		SccLocalPath2 = Integrations\\ActiveCampaign\\Source\\4.5\\Shell
	EndGlobalSection
	GlobalSection(CodealikeProperties) = postSolution
		SolutionGuid = a9556ffc-1a6f-449c-a00f-a63aa56560bf
	EndGlobalSection
EndGlobal
