
Microsoft Visual Studio Solution File, Format Version 12.00
# Visual Studio 14
VisualStudioVersion = 14.0.23107.0
MinimumVisualStudioVersion = 10.0.40219.1
Project("{FAE04EC0-301F-11D3-BF4B-00C04F79EFBC}") = "EyeSoft.Nuget.Publisher.Shell", "Shell\EyeSoft.Nuget.Publisher.Shell.csproj", "{C13CAC4E-72E0-43F2-951A-E83CAACBAACA}"
EndProject
Project("{2150E333-8FDC-42A3-9474-1A3956D46DE8}") = ".nuget", ".nuget", "{3483D752-D7D7-4540-8C41-E4E5167A1E14}"
	ProjectSection(SolutionItems) = preProject
		.nuget\NuGet.Config = .nuget\NuGet.Config
		.nuget\NuGet.exe = .nuget\NuGet.exe
		.nuget\NuGet.targets = .nuget\NuGet.targets
	EndProjectSection
EndProject
Project("{FAE04EC0-301F-11D3-BF4B-00C04F79EFBC}") = "EyeSoft.Nuget.Publisher.Core", "Core\EyeSoft.Nuget.Publisher.Core.csproj", "{FB6E7F2D-BB38-42A0-82C4-8C7E336B47C7}"
EndProject
Global
	GlobalSection(SolutionConfigurationPlatforms) = preSolution
		Debug|Any CPU = Debug|Any CPU
		Release|Any CPU = Release|Any CPU
	EndGlobalSection
	GlobalSection(ProjectConfigurationPlatforms) = postSolution
		{C13CAC4E-72E0-43F2-951A-E83CAACBAACA}.Debug|Any CPU.ActiveCfg = Debug|Any CPU
		{C13CAC4E-72E0-43F2-951A-E83CAACBAACA}.Debug|Any CPU.Build.0 = Debug|Any CPU
		{C13CAC4E-72E0-43F2-951A-E83CAACBAACA}.Release|Any CPU.ActiveCfg = Release|Any CPU
		{C13CAC4E-72E0-43F2-951A-E83CAACBAACA}.Release|Any CPU.Build.0 = Release|Any CPU
		{FB6E7F2D-BB38-42A0-82C4-8C7E336B47C7}.Debug|Any CPU.ActiveCfg = Debug|Any CPU
		{FB6E7F2D-BB38-42A0-82C4-8C7E336B47C7}.Debug|Any CPU.Build.0 = Debug|Any CPU
		{FB6E7F2D-BB38-42A0-82C4-8C7E336B47C7}.Release|Any CPU.ActiveCfg = Release|Any CPU
		{FB6E7F2D-BB38-42A0-82C4-8C7E336B47C7}.Release|Any CPU.Build.0 = Release|Any CPU
	EndGlobalSection
	GlobalSection(SolutionProperties) = preSolution
		HideSolutionNode = FALSE
	EndGlobalSection
	GlobalSection(TeamFoundationVersionControl) = preSolution
		SccNumberOfProjects = 3
		SccEnterpriseProvider = {4CA58AB2-18FA-4F8D-95D4-32DDF27D184C}
		SccTeamFoundationServer = https://picoware.visualstudio.com/defaultcollection
		SccLocalPath0 = .
		SccProjectUniqueName1 = Shell\\EyeSoft.Nuget.Publisher.Shell.csproj
		SccProjectName1 = Shell
		SccLocalPath1 = Shell
		SccProjectUniqueName2 = Core\\EyeSoft.Nuget.Publisher.Core.csproj
		SccProjectName2 = Core
		SccLocalPath2 = Core
	EndGlobalSection
EndGlobal
